// !$*UTF8*$!
{
	archiveVersion = 1;
	classes = {
	};
	objectVersion = 56;
	objects = {

/* Begin PBXBuildFile section */
		87CFB91D2BF131DE00A7CBD3 /* AppDelegate.swift in Sources */ = {isa = PBXBuildFile; fileRef = 87CFB91C2BF131DE00A7CBD3 /* AppDelegate.swift */; };
		87CFB91F2BF131DE00A7CBD3 /* SceneDelegate.swift in Sources */ = {isa = PBXBuildFile; fileRef = 87CFB91E2BF131DE00A7CBD3 /* SceneDelegate.swift */; };
		87CFB9212BF131DE00A7CBD3 /* ViewController.swift in Sources */ = {isa = PBXBuildFile; fileRef = 87CFB9202BF131DE00A7CBD3 /* ViewController.swift */; };
		87CFB9242BF131DE00A7CBD3 /* Base in Resources */ = {isa = PBXBuildFile; fileRef = 87CFB9232BF131DE00A7CBD3 /* Base */; };
		87CFB9262BF131E000A7CBD3 /* Assets.xcassets in Resources */ = {isa = PBXBuildFile; fileRef = 87CFB9252BF131E000A7CBD3 /* Assets.xcassets */; };
		87CFB9292BF131E000A7CBD3 /* Base in Resources */ = {isa = PBXBuildFile; fileRef = 87CFB9282BF131E000A7CBD3 /* Base */; };
		87CFB9342BF1325F00A7CBD3 /* ParallelogramController.swift in Sources */ = {isa = PBXBuildFile; fileRef = 87CFB9332BF1325F00A7CBD3 /* ParallelogramController.swift */; };
		87CFB9362BF1329200A7CBD3 /* ParallelogramView.swift in Sources */ = {isa = PBXBuildFile; fileRef = 87CFB9352BF1329200A7CBD3 /* ParallelogramView.swift */; };
		87CFB9382BF132AD00A7CBD3 /* ParallelogramModel.swift in Sources */ = {isa = PBXBuildFile; fileRef = 87CFB9372BF132AD00A7CBD3 /* ParallelogramModel.swift */; };
/* End PBXBuildFile section */

/* Begin PBXFileReference section */
		87CFB9192BF131DE00A7CBD3 /* tpmp_lab8_2.4.app */ = {isa = PBXFileReference; explicitFileType = wrapper.application; includeInIndex = 0; path = tpmp_lab8_2.4.app; sourceTree = BUILT_PRODUCTS_DIR; };
		87CFB91C2BF131DE00A7CBD3 /* AppDelegate.swift */ = {isa = PBXFileReference; lastKnownFileType = sourcecode.swift; path = AppDelegate.swift; sourceTree = "<group>"; };
		87CFB91E2BF131DE00A7CBD3 /* SceneDelegate.swift */ = {isa = PBXFileReference; lastKnownFileType = sourcecode.swift; path = SceneDelegate.swift; sourceTree = "<group>"; };
		87CFB9202BF131DE00A7CBD3 /* ViewController.swift */ = {isa = PBXFileReference; lastKnownFileType = sourcecode.swift; path = ViewController.swift; sourceTree = "<group>"; };
		87CFB9232BF131DE00A7CBD3 /* Base */ = {isa = PBXFileReference; lastKnownFileType = file.storyboard; name = Base; path = Base.lproj/Main.storyboard; sourceTree = "<group>"; };
		87CFB9252BF131E000A7CBD3 /* Assets.xcassets */ = {isa = PBXFileReference; lastKnownFileType = folder.assetcatalog; path = Assets.xcassets; sourceTree = "<group>"; };
		87CFB9282BF131E000A7CBD3 /* Base */ = {isa = PBXFileReference; lastKnownFileType = file.storyboard; name = Base; path = Base.lproj/LaunchScreen.storyboard; sourceTree = "<group>"; };
		87CFB92A2BF131E000A7CBD3 /* Info.plist */ = {isa = PBXFileReference; lastKnownFileType = text.plist.xml; path = Info.plist; sourceTree = "<group>"; };
		87CFB9332BF1325F00A7CBD3 /* ParallelogramController.swift */ = {isa = PBXFileReference; lastKnownFileType = sourcecode.swift; path = ParallelogramController.swift; sourceTree = "<group>"; };
		87CFB9352BF1329200A7CBD3 /* ParallelogramView.swift */ = {isa = PBXFileReference; lastKnownFileType = sourcecode.swift; path = ParallelogramView.swift; sourceTree = "<group>"; };
		87CFB9372BF132AD00A7CBD3 /* ParallelogramModel.swift */ = {isa = PBXFileReference; lastKnownFileType = sourcecode.swift; path = ParallelogramModel.swift; sourceTree = "<group>"; };
/* End PBXFileReference section */

/* Begin PBXFrameworksBuildPhase section */
		87CFB9162BF131DE00A7CBD3 /* Frameworks */ = {
			isa = PBXFrameworksBuildPhase;
			buildActionMask = 2147483647;
			files = (
			);
			runOnlyForDeploymentPostprocessing = 0;
		};
/* End PBXFrameworksBuildPhase section */

/* Begin PBXGroup section */
		87CFB9102BF131DE00A7CBD3 = {
			isa = PBXGroup;
			children = (
				87CFB91B2BF131DE00A7CBD3 /* tpmp_lab8_2.4 */,
				87CFB91A2BF131DE00A7CBD3 /* Products */,
			);
			sourceTree = "<group>";
		};
		87CFB91A2BF131DE00A7CBD3 /* Products */ = {
			isa = PBXGroup;
			children = (
				87CFB9192BF131DE00A7CBD3 /* tpmp_lab8_2.4.app */,
			);
			name = Products;
			sourceTree = "<group>";
		};
		87CFB91B2BF131DE00A7CBD3 /* tpmp_lab8_2.4 */ = {
			isa = PBXGroup;
			children = (
				87CFB9322BF131FC00A7CBD3 /* Model */,
				87CFB9312BF131F800A7CBD3 /* View */,
				87CFB91C2BF131DE00A7CBD3 /* AppDelegate.swift */,
				87CFB91E2BF131DE00A7CBD3 /* SceneDelegate.swift */,
				87CFB9302BF131ED00A7CBD3 /* Controller */,
				87CFB9222BF131DE00A7CBD3 /* Main.storyboard */,
				87CFB9252BF131E000A7CBD3 /* Assets.xcassets */,
				87CFB9272BF131E000A7CBD3 /* LaunchScreen.storyboard */,
				87CFB92A2BF131E000A7CBD3 /* Info.plist */,
			);
			path = tpmp_lab8_2.4;
			sourceTree = "<group>";
		};
		87CFB9302BF131ED00A7CBD3 /* Controller */ = {
			isa = PBXGroup;
			children = (
				87CFB9202BF131DE00A7CBD3 /* ViewController.swift */,
				87CFB9332BF1325F00A7CBD3 /* ParallelogramController.swift */,
			);
			path = Controller;
			sourceTree = "<group>";
		};
		87CFB9312BF131F800A7CBD3 /* View */ = {
			isa = PBXGroup;
			children = (
				87CFB9352BF1329200A7CBD3 /* ParallelogramView.swift */,
			);
			path = View;
			sourceTree = "<group>";
		};
		87CFB9322BF131FC00A7CBD3 /* Model */ = {
			isa = PBXGroup;
			children = (
				87CFB9372BF132AD00A7CBD3 /* ParallelogramModel.swift */,
			);
			path = Model;
			sourceTree = "<group>";
		};
/* End PBXGroup section */

/* Begin PBXNativeTarget section */
		87CFB9182BF131DE00A7CBD3 /* tpmp_lab8_2.4 */ = {
			isa = PBXNativeTarget;
			buildConfigurationList = 87CFB92D2BF131E000A7CBD3 /* Build configuration list for PBXNativeTarget "tpmp_lab8_2.4" */;
			buildPhases = (
				87CFB9152BF131DE00A7CBD3 /* Sources */,
				87CFB9162BF131DE00A7CBD3 /* Frameworks */,
				87CFB9172BF131DE00A7CBD3 /* Resources */,
			);
			buildRules = (
			);
			dependencies = (
			);
			name = tpmp_lab8_2.4;
			productName = tpmp_lab8_2.4;
			productReference = 87CFB9192BF131DE00A7CBD3 /* tpmp_lab8_2.4.app */;
			productType = "com.apple.product-type.application";
		};
/* End PBXNativeTarget section */

/* Begin PBXProject section */
		87CFB9112BF131DE00A7CBD3 /* Project object */ = {
			isa = PBXProject;
			attributes = {
				BuildIndependentTargetsInParallel = 1;
				LastSwiftUpdateCheck = 1530;
				LastUpgradeCheck = 1530;
				TargetAttributes = {
					87CFB9182BF131DE00A7CBD3 = {
						CreatedOnToolsVersion = 15.3;
					};
				};
			};
			buildConfigurationList = 87CFB9142BF131DE00A7CBD3 /* Build configuration list for PBXProject "tpmp_lab8_2.4" */;
			compatibilityVersion = "Xcode 14.0";
			developmentRegion = en;
			hasScannedForEncodings = 0;
			knownRegions = (
				en,
				Base,
			);
			mainGroup = 87CFB9102BF131DE00A7CBD3;
			productRefGroup = 87CFB91A2BF131DE00A7CBD3 /* Products */;
			projectDirPath = "";
			projectRoot = "";
			targets = (
				87CFB9182BF131DE00A7CBD3 /* tpmp_lab8_2.4 */,
			);
		};
/* End PBXProject section */

/* Begin PBXResourcesBuildPhase section */
		87CFB9172BF131DE00A7CBD3 /* Resources */ = {
			isa = PBXResourcesBuildPhase;
			buildActionMask = 2147483647;
			files = (
				87CFB9262BF131E000A7CBD3 /* Assets.xcassets in Resources */,
				87CFB9292BF131E000A7CBD3 /* Base in Resources */,
				87CFB9242BF131DE00A7CBD3 /* Base in Resources */,
			);
			runOnlyForDeploymentPostprocessing = 0;
		};
/* End PBXResourcesBuildPhase section */

/* Begin PBXSourcesBuildPhase section */
		87CFB9152BF131DE00A7CBD3 /* Sources */ = {
			isa = PBXSourcesBuildPhase;
			buildActionMask = 2147483647;
			files = (
				87CFB9362BF1329200A7CBD3 /* ParallelogramView.swift in Sources */,
				87CFB9382BF132AD00A7CBD3 /* ParallelogramModel.swift in Sources */,
				87CFB9212BF131DE00A7CBD3 /* ViewController.swift in Sources */,
				87CFB91D2BF131DE00A7CBD3 /* AppDelegate.swift in Sources */,
				87CFB91F2BF131DE00A7CBD3 /* SceneDelegate.swift in Sources */,
				87CFB9342BF1325F00A7CBD3 /* ParallelogramController.swift in Sources */,
			);
			runOnlyForDeploymentPostprocessing = 0;
		};
/* End PBXSourcesBuildPhase section */

/* Begin PBXVariantGroup section */
		87CFB9222BF131DE00A7CBD3 /* Main.storyboard */ = {
			isa = PBXVariantGroup;
			children = (
				87CFB9232BF131DE00A7CBD3 /* Base */,
			);
			name = Main.storyboard;
			sourceTree = "<group>";
		};
		87CFB9272BF131E000A7CBD3 /* LaunchScreen.storyboard */ = {
			isa = PBXVariantGroup;
			children = (
				87CFB9282BF131E000A7CBD3 /* Base */,
			);
			name = LaunchScreen.storyboard;
			sourceTree = "<group>";
		};
/* End PBXVariantGroup section */

/* Begin XCBuildConfiguration section */
		87CFB92B2BF131E000A7CBD3 /* Debug */ = {
			isa = XCBuildConfiguration;
			buildSettings = {
				ALWAYS_SEARCH_USER_PATHS = NO;
				ASSETCATALOG_COMPILER_GENERATE_SWIFT_ASSET_SYMBOL_EXTENSIONS = YES;
				CLANG_ANALYZER_NONNULL = YES;
				CLANG_ANALYZER_NUMBER_OBJECT_CONVERSION = YES_AGGRESSIVE;
				CLANG_CXX_LANGUAGE_STANDARD = "gnu++20";
				CLANG_ENABLE_MODULES = YES;
				CLANG_ENABLE_OBJC_ARC = YES;
				CLANG_ENABLE_OBJC_WEAK = YES;
				CLANG_WARN_BLOCK_CAPTURE_AUTORELEASING = YES;
				CLANG_WARN_BOOL_CONVERSION = YES;
				CLANG_WARN_COMMA = YES;
				CLANG_WARN_CONSTANT_CONVERSION = YES;
				CLANG_WARN_DEPRECATED_OBJC_IMPLEMENTATIONS = YES;
				CLANG_WARN_DIRECT_OBJC_ISA_USAGE = YES_ERROR;
				CLANG_WARN_DOCUMENTATION_COMMENTS = YES;
				CLANG_WARN_EMPTY_BODY = YES;
				CLANG_WARN_ENUM_CONVERSION = YES;
				CLANG_WARN_INFINITE_RECURSION = YES;
				CLANG_WARN_INT_CONVERSION = YES;
				CLANG_WARN_NON_LITERAL_NULL_CONVERSION = YES;
				CLANG_WARN_OBJC_IMPLICIT_RETAIN_SELF = YES;
				CLANG_WARN_OBJC_LITERAL_CONVERSION = YES;
				CLANG_WARN_OBJC_ROOT_CLASS = YES_ERROR;
				CLANG_WARN_QUOTED_INCLUDE_IN_FRAMEWORK_HEADER = YES;
				CLANG_WARN_RANGE_LOOP_ANALYSIS = YES;
				CLANG_WARN_STRICT_PROTOTYPES = YES;
				CLANG_WARN_SUSPICIOUS_MOVE = YES;
				CLANG_WARN_UNGUARDED_AVAILABILITY = YES_AGGRESSIVE;
				CLANG_WARN_UNREACHABLE_CODE = YES;
				CLANG_WARN__DUPLICATE_METHOD_MATCH = YES;
				COPY_PHASE_STRIP = NO;
				DEBUG_INFORMATION_FORMAT = dwarf;
				ENABLE_STRICT_OBJC_MSGSEND = YES;
				ENABLE_TESTABILITY = YES;
				ENABLE_USER_SCRIPT_SANDBOXING = YES;
				GCC_C_LANGUAGE_STANDARD = gnu17;
				GCC_DYNAMIC_NO_PIC = NO;
				GCC_NO_COMMON_BLOCKS = YES;
				GCC_OPTIMIZATION_LEVEL = 0;
				GCC_PREPROCESSOR_DEFINITIONS = (
					"DEBUG=1",
					"$(inherited)",
				);
				GCC_WARN_64_TO_32_BIT_CONVERSION = YES;
				GCC_WARN_ABOUT_RETURN_TYPE = YES_ERROR;
				GCC_WARN_UNDECLARED_SELECTOR = YES;
				GCC_WARN_UNINITIALIZED_AUTOS = YES_AGGRESSIVE;
				GCC_WARN_UNUSED_FUNCTION = YES;
				GCC_WARN_UNUSED_VARIABLE = YES;
				IPHONEOS_DEPLOYMENT_TARGET = 17.4;
				LOCALIZATION_PREFERS_STRING_CATALOGS = YES;
				MTL_ENABLE_DEBUG_INFO = INCLUDE_SOURCE;
				MTL_FAST_MATH = YES;
				ONLY_ACTIVE_ARCH = YES;
				SDKROOT = iphoneos;
				SWIFT_ACTIVE_COMPILATION_CONDITIONS = "DEBUG $(inherited)";
				SWIFT_OPTIMIZATION_LEVEL = "-Onone";
			};
			name = Debug;
		};
		87CFB92C2BF131E000A7CBD3 /* Release */ = {
			isa = XCBuildConfiguration;
			buildSettings = {
				ALWAYS_SEARCH_USER_PATHS = NO;
				ASSETCATALOG_COMPILER_GENERATE_SWIFT_ASSET_SYMBOL_EXTENSIONS = YES;
				CLANG_ANALYZER_NONNULL = YES;
				CLANG_ANALYZER_NUMBER_OBJECT_CONVERSION = YES_AGGRESSIVE;
				CLANG_CXX_LANGUAGE_STANDARD = "gnu++20";
				CLANG_ENABLE_MODULES = YES;
				CLANG_ENABLE_OBJC_ARC = YES;
				CLANG_ENABLE_OBJC_WEAK = YES;
				CLANG_WARN_BLOCK_CAPTURE_AUTORELEASING = YES;
				CLANG_WARN_BOOL_CONVERSION = YES;
				CLANG_WARN_COMMA = YES;
				CLANG_WARN_CONSTANT_CONVERSION = YES;
				CLANG_WARN_DEPRECATED_OBJC_IMPLEMENTATIONS = YES;
				CLANG_WARN_DIRECT_OBJC_ISA_USAGE = YES_ERROR;
				CLANG_WARN_DOCUMENTATION_COMMENTS = YES;
				CLANG_WARN_EMPTY_BODY = YES;
				CLANG_WARN_ENUM_CONVERSION = YES;
				CLANG_WARN_INFINITE_RECURSION = YES;
				CLANG_WARN_INT_CONVERSION = YES;
				CLANG_WARN_NON_LITERAL_NULL_CONVERSION = YES;
				CLANG_WARN_OBJC_IMPLICIT_RETAIN_SELF = YES;
				CLANG_WARN_OBJC_LITERAL_CONVERSION = YES;
				CLANG_WARN_OBJC_ROOT_CLASS = YES_ERROR;
				CLANG_WARN_QUOTED_INCLUDE_IN_FRAMEWORK_HEADER = YES;
				CLANG_WARN_RANGE_LOOP_ANALYSIS = YES;
				CLANG_WARN_STRICT_PROTOTYPES = YES;
				CLANG_WARN_SUSPICIOUS_MOVE = YES;
				CLANG_WARN_UNGUARDED_AVAILABILITY = YES_AGGRESSIVE;
				CLANG_WARN_UNREACHABLE_CODE = YES;
				CLANG_WARN__DUPLICATE_METHOD_MATCH = YES;
				COPY_PHASE_STRIP = NO;
				DEBUG_INFORMATION_FORMAT = "dwarf-with-dsym";
				ENABLE_NS_ASSERTIONS = NO;
				ENABLE_STRICT_OBJC_MSGSEND = YES;
				ENABLE_USER_SCRIPT_SANDBOXING = YES;
				GCC_C_LANGUAGE_STANDARD = gnu17;
				GCC_NO_COMMON_BLOCKS = YES;
				GCC_WARN_64_TO_32_BIT_CONVERSION = YES;
				GCC_WARN_ABOUT_RETURN_TYPE = YES_ERROR;
				GCC_WARN_UNDECLARED_SELECTOR = YES;
				GCC_WARN_UNINITIALIZED_AUTOS = YES_AGGRESSIVE;
				GCC_WARN_UNUSED_FUNCTION = YES;
				GCC_WARN_UNUSED_VARIABLE = YES;
				IPHONEOS_DEPLOYMENT_TARGET = 17.4;
				LOCALIZATION_PREFERS_STRING_CATALOGS = YES;
				MTL_ENABLE_DEBUG_INFO = NO;
				MTL_FAST_MATH = YES;
				SDKROOT = iphoneos;
				SWIFT_COMPILATION_MODE = wholemodule;
				VALIDATE_PRODUCT = YES;
			};
			name = Release;
		};
		87CFB92E2BF131E000A7CBD3 /* Debug */ = {
			isa = XCBuildConfiguration;
			buildSettings = {
				ASSETCATALOG_COMPILER_APPICON_NAME = AppIcon;
				ASSETCATALOG_COMPILER_GLOBAL_ACCENT_COLOR_NAME = AccentColor;
				CODE_SIGN_STYLE = Automatic;
				CURRENT_PROJECT_VERSION = 1;
				GENERATE_INFOPLIST_FILE = YES;
				INFOPLIST_FILE = tpmp_lab8_2.4/Info.plist;
				INFOPLIST_KEY_UIApplicationSupportsIndirectInputEvents = YES;
				INFOPLIST_KEY_UILaunchStoryboardName = LaunchScreen;
				INFOPLIST_KEY_UIMainStoryboardFile = Main;
				INFOPLIST_KEY_UISupportedInterfaceOrientations_iPad = "UIInterfaceOrientationPortrait UIInterfaceOrientationPortraitUpsideDown UIInterfaceOrientationLandscapeLeft UIInterfaceOrientationLandscapeRight";
				INFOPLIST_KEY_UISupportedInterfaceOrientations_iPhone = "UIInterfaceOrientationPortrait UIInterfaceOrientationLandscapeLeft UIInterfaceOrientationLandscapeRight";
				LD_RUNPATH_SEARCH_PATHS = (
					"$(inherited)",
					"@executable_path/Frameworks",
				);
				MARKETING_VERSION = 1.0;
				PRODUCT_BUNDLE_IDENTIFIER = "irongun.tpmp-lab8-2-4";
				PRODUCT_NAME = "$(TARGET_NAME)";
				SWIFT_EMIT_LOC_STRINGS = YES;
				SWIFT_VERSION = 5.0;
				TARGETED_DEVICE_FAMILY = "1,2";
			};
			name = Debug;
		};
		87CFB92F2BF131E000A7CBD3 /* Release */ = {
			isa = XCBuildConfiguration;
			buildSettings = {
				ASSETCATALOG_COMPILER_APPICON_NAME = AppIcon;
				ASSETCATALOG_COMPILER_GLOBAL_ACCENT_COLOR_NAME = AccentColor;
				CODE_SIGN_STYLE = Automatic;
				CURRENT_PROJECT_VERSION = 1;
				GENERATE_INFOPLIST_FILE = YES;
				INFOPLIST_FILE = tpmp_lab8_2.4/Info.plist;
				INFOPLIST_KEY_UIApplicationSupportsIndirectInputEvents = YES;
				INFOPLIST_KEY_UILaunchStoryboardName = LaunchScreen;
				INFOPLIST_KEY_UIMainStoryboardFile = Main;
				INFOPLIST_KEY_UISupportedInterfaceOrientations_iPad = "UIInterfaceOrientationPortrait UIInterfaceOrientationPortraitUpsideDown UIInterfaceOrientationLandscapeLeft UIInterfaceOrientationLandscapeRight";
				INFOPLIST_KEY_UISupportedInterfaceOrientations_iPhone = "UIInterfaceOrientationPortrait UIInterfaceOrientationLandscapeLeft UIInterfaceOrientationLandscapeRight";
				LD_RUNPATH_SEARCH_PATHS = (
					"$(inherited)",
					"@executable_path/Frameworks",
				);
				MARKETING_VERSION = 1.0;
				PRODUCT_BUNDLE_IDENTIFIER = "irongun.tpmp-lab8-2-4";
				PRODUCT_NAME = "$(TARGET_NAME)";
				SWIFT_EMIT_LOC_STRINGS = YES;
				SWIFT_VERSION = 5.0;
				TARGETED_DEVICE_FAMILY = "1,2";
			};
			name = Release;
		};
/* End XCBuildConfiguration section */

/* Begin XCConfigurationList section */
		87CFB9142BF131DE00A7CBD3 /* Build configuration list for PBXProject "tpmp_lab8_2.4" */ = {
			isa = XCConfigurationList;
			buildConfigurations = (
				87CFB92B2BF131E000A7CBD3 /* Debug */,
				87CFB92C2BF131E000A7CBD3 /* Release */,
			);
			defaultConfigurationIsVisible = 0;
			defaultConfigurationName = Release;
		};
		87CFB92D2BF131E000A7CBD3 /* Build configuration list for PBXNativeTarget "tpmp_lab8_2.4" */ = {
			isa = XCConfigurationList;
			buildConfigurations = (
				87CFB92E2BF131E000A7CBD3 /* Debug */,
				87CFB92F2BF131E000A7CBD3 /* Release */,
			);
			defaultConfigurationIsVisible = 0;
			defaultConfigurationName = Release;
		};
/* End XCConfigurationList section */
	};
	rootObject = 87CFB9112BF131DE00A7CBD3 /* Project object */;
}
